
Microsoft Visual Studio Solution File, Format Version 12.00
# Visual Studio 15
VisualStudioVersion = 15.0.28307.1525
MinimumVisualStudioVersion = 10.0.40219.1
Project("{FAE04EC0-301F-11D3-BF4B-00C04F79EFBC}") = "Server", "Server.csproj", "{F49B0B1F-4C6D-4A4E-88BA-300C7A65928E}"
EndProject
Global
	GlobalSection(SolutionConfigurationPlatforms) = preSolution
		Debug|Any CPU = Debug|Any CPU
		Release|Any CPU = Release|Any CPU
	EndGlobalSection
	GlobalSection(ProjectConfigurationPlatforms) = postSolution
		{F49B0B1F-4C6D-4A4E-88BA-300C7A65928E}.Debug|Any CPU.ActiveCfg = Debug|Any CPU
		{F49B0B1F-4C6D-4A4E-88BA-300C7A65928E}.Debug|Any CPU.Build.0 = Debug|Any CPU
		{F49B0B1F-4C6D-4A4E-88BA-300C7A65928E}.Release|Any CPU.ActiveCfg = Release|Any CPU
		{F49B0B1F-4C6D-4A4E-88BA-300C7A65928E}.Release|Any CPU.Build.0 = Release|Any CPU
	EndGlobalSection
	GlobalSection(SolutionProperties) = preSolution
		HideSolutionNode = FALSE
	EndGlobalSection
	GlobalSection(ExtensibilityGlobals) = postSolution
		SolutionGuid = {812B0023-B568-4B1A-AFD2-1DF6436BD427}
	EndGlobalSection
EndGlobal
